
Microsoft Visual Studio Solution File, Format Version 12.00
Project("{FAE04EC0-301F-11D3-BF4B-00C04F79EFBC}") = "TestProject2", "TestProject2\TestProject2.csproj", "{DA880553-9027-4E08-B3E5-AF3C340406A2}"
EndProject
Global
	GlobalSection(SolutionConfigurationPlatforms) = preSolution
		Debug|Any CPU = Debug|Any CPU
		Release|Any CPU = Release|Any CPU
	EndGlobalSection
	GlobalSection(ProjectConfigurationPlatforms) = postSolution
		{DA880553-9027-4E08-B3E5-AF3C340406A2}.Debug|Any CPU.ActiveCfg = Debug|Any CPU
		{DA880553-9027-4E08-B3E5-AF3C340406A2}.Debug|Any CPU.Build.0 = Debug|Any CPU
		{DA880553-9027-4E08-B3E5-AF3C340406A2}.Release|Any CPU.ActiveCfg = Release|Any CPU
		{DA880553-9027-4E08-B3E5-AF3C340406A2}.Release|Any CPU.Build.0 = Release|Any CPU
	EndGlobalSection
EndGlobal
